
Microsoft Visual Studio Solution File, Format Version 12.00
# Visual Studio 2012
Project("{FAE04EC0-301F-11D3-BF4B-00C04F79EFBC}") = "Web", "Web\Web.csproj", "{CB528115-24EE-4372-8B57-C6AFD2B2889F}"
EndProject
Project("{FAE04EC0-301F-11D3-BF4B-00C04F79EFBC}") = "Service", "Service\Service.csproj", "{BF5C7D4D-6755-4210-BFDE-A0923EEF3ED4}"
EndProject
Project("{FAE04EC0-301F-11D3-BF4B-00C04F79EFBC}") = "Domain", "Domain\Domain.csproj", "{D3F4AAAE-1A67-4E77-AA28-3BEC88B5FCF2}"
EndProject
Project("{FAE04EC0-301F-11D3-BF4B-00C04F79EFBC}") = "AdsWcfService", "AdsWcfService\AdsWcfService.csproj", "{0255124E-64C8-4673-8A61-01FB7D0A9F5D}"
EndProject
Project("{FAE04EC0-301F-11D3-BF4B-00C04F79EFBC}") = "Core", "Core\Core.csproj", "{EE3724D1-57C4-4FEA-9005-D4BDB237F71E}"
EndProject
Global
	GlobalSection(SolutionConfigurationPlatforms) = preSolution
		Debug|Any CPU = Debug|Any CPU
		Release|Any CPU = Release|Any CPU
	EndGlobalSection
	GlobalSection(ProjectConfigurationPlatforms) = postSolution
		{CB528115-24EE-4372-8B57-C6AFD2B2889F}.Debug|Any CPU.ActiveCfg = Debug|Any CPU
		{CB528115-24EE-4372-8B57-C6AFD2B2889F}.Debug|Any CPU.Build.0 = Debug|Any CPU
		{CB528115-24EE-4372-8B57-C6AFD2B2889F}.Release|Any CPU.ActiveCfg = Release|Any CPU
		{CB528115-24EE-4372-8B57-C6AFD2B2889F}.Release|Any CPU.Build.0 = Release|Any CPU
		{BF5C7D4D-6755-4210-BFDE-A0923EEF3ED4}.Debug|Any CPU.ActiveCfg = Debug|Any CPU
		{BF5C7D4D-6755-4210-BFDE-A0923EEF3ED4}.Debug|Any CPU.Build.0 = Debug|Any CPU
		{BF5C7D4D-6755-4210-BFDE-A0923EEF3ED4}.Release|Any CPU.ActiveCfg = Release|Any CPU
		{BF5C7D4D-6755-4210-BFDE-A0923EEF3ED4}.Release|Any CPU.Build.0 = Release|Any CPU
		{D3F4AAAE-1A67-4E77-AA28-3BEC88B5FCF2}.Debug|Any CPU.ActiveCfg = Debug|Any CPU
		{D3F4AAAE-1A67-4E77-AA28-3BEC88B5FCF2}.Debug|Any CPU.Build.0 = Debug|Any CPU
		{D3F4AAAE-1A67-4E77-AA28-3BEC88B5FCF2}.Release|Any CPU.ActiveCfg = Release|Any CPU
		{D3F4AAAE-1A67-4E77-AA28-3BEC88B5FCF2}.Release|Any CPU.Build.0 = Release|Any CPU
		{0255124E-64C8-4673-8A61-01FB7D0A9F5D}.Debug|Any CPU.ActiveCfg = Debug|Any CPU
		{0255124E-64C8-4673-8A61-01FB7D0A9F5D}.Debug|Any CPU.Build.0 = Debug|Any CPU
		{0255124E-64C8-4673-8A61-01FB7D0A9F5D}.Release|Any CPU.ActiveCfg = Release|Any CPU
		{0255124E-64C8-4673-8A61-01FB7D0A9F5D}.Release|Any CPU.Build.0 = Release|Any CPU
		{EE3724D1-57C4-4FEA-9005-D4BDB237F71E}.Debug|Any CPU.ActiveCfg = Debug|Any CPU
		{EE3724D1-57C4-4FEA-9005-D4BDB237F71E}.Debug|Any CPU.Build.0 = Debug|Any CPU
		{EE3724D1-57C4-4FEA-9005-D4BDB237F71E}.Release|Any CPU.ActiveCfg = Release|Any CPU
		{EE3724D1-57C4-4FEA-9005-D4BDB237F71E}.Release|Any CPU.Build.0 = Release|Any CPU
	EndGlobalSection
	GlobalSection(SolutionProperties) = preSolution
		HideSolutionNode = FALSE
	EndGlobalSection
EndGlobal
